
Microsoft Visual Studio Solution File, Format Version 12.00
# Visual Studio Version 16
VisualStudioVersion = 16.0.31025.194
MinimumVisualStudioVersion = 10.0.40219.1
Project("{FAE04EC0-301F-11D3-BF4B-00C04F79EFBC}") = "LAB_05", "LAB_05\LAB_05.csproj", "{0CC381C8-522F-47DE-8B06-BDEFDC7B12B3}"
EndProject
Global
	GlobalSection(SolutionConfigurationPlatforms) = preSolution
		Debug|Any CPU = Debug|Any CPU
		Release|Any CPU = Release|Any CPU
	EndGlobalSection
	GlobalSection(ProjectConfigurationPlatforms) = postSolution
		{0CC381C8-522F-47DE-8B06-BDEFDC7B12B3}.Debug|Any CPU.ActiveCfg = Debug|Any CPU
		{0CC381C8-522F-47DE-8B06-BDEFDC7B12B3}.Debug|Any CPU.Build.0 = Debug|Any CPU
		{0CC381C8-522F-47DE-8B06-BDEFDC7B12B3}.Release|Any CPU.ActiveCfg = Release|Any CPU
		{0CC381C8-522F-47DE-8B06-BDEFDC7B12B3}.Release|Any CPU.Build.0 = Release|Any CPU
	EndGlobalSection
	GlobalSection(SolutionProperties) = preSolution
		HideSolutionNode = FALSE
	EndGlobalSection
	GlobalSection(ExtensibilityGlobals) = postSolution
		SolutionGuid = {A8B2820F-FCAC-4111-9734-A8BC098DE87F}
	EndGlobalSection
EndGlobal
